// !$*UTF8*$!
{
	archiveVersion = 1;
	classes = {
	};
	objectVersion = 50;
	objects = {

/* Begin PBXBuildFile section */
		A813F49F26A4F37C00EF73EA /* TestSampleApp.swift in Sources */ = {isa = PBXBuildFile; fileRef = A813F49E26A4F37C00EF73EA /* TestSampleApp.swift */; };
		A813F4A126A4F37C00EF73EA /* ContentView.swift in Sources */ = {isa = PBXBuildFile; fileRef = A813F4A026A4F37C00EF73EA /* ContentView.swift */; };
		A813F4A326A4F37D00EF73EA /* Assets.xcassets in Resources */ = {isa = PBXBuildFile; fileRef = A813F4A226A4F37D00EF73EA /* Assets.xcassets */; };
		A813F4A626A4F37D00EF73EA /* Preview Assets.xcassets in Resources */ = {isa = PBXBuildFile; fileRef = A813F4A526A4F37D00EF73EA /* Preview Assets.xcassets */; };
		A813F4B426A4F9A100EF73EA /* TestSampleUITests.swift in Sources */ = {isa = PBXBuildFile; fileRef = A813F4B326A4F9A100EF73EA /* TestSampleUITests.swift */; };
		A813F4C226A4F9B700EF73EA /* TestSampleTests.swift in Sources */ = {isa = PBXBuildFile; fileRef = A813F4C126A4F9B700EF73EA /* TestSampleTests.swift */; };
		A813F4CA26A4FF0100EF73EA /* PasswordValidator.swift in Sources */ = {isa = PBXBuildFile; fileRef = A813F4C926A4FF0100EF73EA /* PasswordValidator.swift */; };
		A813F4CC26A5041900EF73EA /* Math.swift in Sources */ = {isa = PBXBuildFile; fileRef = A813F4CB26A5041800EF73EA /* Math.swift */; };
/* End PBXBuildFile section */

/* Begin PBXContainerItemProxy section */
		A813F4B626A4F9A100EF73EA /* PBXContainerItemProxy */ = {
			isa = PBXContainerItemProxy;
			containerPortal = A813F49326A4F37C00EF73EA /* Project object */;
			proxyType = 1;
			remoteGlobalIDString = A813F49A26A4F37C00EF73EA;
			remoteInfo = TestSample;
		};
		A813F4C426A4F9B700EF73EA /* PBXContainerItemProxy */ = {
			isa = PBXContainerItemProxy;
			containerPortal = A813F49326A4F37C00EF73EA /* Project object */;
			proxyType = 1;
			remoteGlobalIDString = A813F49A26A4F37C00EF73EA;
			remoteInfo = TestSample;
		};
/* End PBXContainerItemProxy section */

/* Begin PBXFileReference section */
		A813F49B26A4F37C00EF73EA /* TestSample.app */ = {isa = PBXFileReference; explicitFileType = wrapper.application; includeInIndex = 0; path = TestSample.app; sourceTree = BUILT_PRODUCTS_DIR; };
		A813F49E26A4F37C00EF73EA /* TestSampleApp.swift */ = {isa = PBXFileReference; lastKnownFileType = sourcecode.swift; path = TestSampleApp.swift; sourceTree = "<group>"; };
		A813F4A026A4F37C00EF73EA /* ContentView.swift */ = {isa = PBXFileReference; lastKnownFileType = sourcecode.swift; path = ContentView.swift; sourceTree = "<group>"; };
		A813F4A226A4F37D00EF73EA /* Assets.xcassets */ = {isa = PBXFileReference; lastKnownFileType = folder.assetcatalog; path = Assets.xcassets; sourceTree = "<group>"; };
		A813F4A526A4F37D00EF73EA /* Preview Assets.xcassets */ = {isa = PBXFileReference; lastKnownFileType = folder.assetcatalog; path = "Preview Assets.xcassets"; sourceTree = "<group>"; };
		A813F4A726A4F37D00EF73EA /* Info.plist */ = {isa = PBXFileReference; lastKnownFileType = text.plist.xml; path = Info.plist; sourceTree = "<group>"; };
		A813F4B126A4F9A100EF73EA /* TestSampleUITests.xctest */ = {isa = PBXFileReference; explicitFileType = wrapper.cfbundle; includeInIndex = 0; path = TestSampleUITests.xctest; sourceTree = BUILT_PRODUCTS_DIR; };
		A813F4B326A4F9A100EF73EA /* TestSampleUITests.swift */ = {isa = PBXFileReference; lastKnownFileType = sourcecode.swift; path = TestSampleUITests.swift; sourceTree = "<group>"; };
		A813F4B526A4F9A100EF73EA /* Info.plist */ = {isa = PBXFileReference; lastKnownFileType = text.plist.xml; path = Info.plist; sourceTree = "<group>"; };
		A813F4BF26A4F9B700EF73EA /* TestSampleTests.xctest */ = {isa = PBXFileReference; explicitFileType = wrapper.cfbundle; includeInIndex = 0; path = TestSampleTests.xctest; sourceTree = BUILT_PRODUCTS_DIR; };
		A813F4C126A4F9B700EF73EA /* TestSampleTests.swift */ = {isa = PBXFileReference; lastKnownFileType = sourcecode.swift; path = TestSampleTests.swift; sourceTree = "<group>"; };
		A813F4C326A4F9B700EF73EA /* Info.plist */ = {isa = PBXFileReference; lastKnownFileType = text.plist.xml; path = Info.plist; sourceTree = "<group>"; };
		A813F4C926A4FF0100EF73EA /* PasswordValidator.swift */ = {isa = PBXFileReference; lastKnownFileType = sourcecode.swift; path = PasswordValidator.swift; sourceTree = "<group>"; };
		A813F4CB26A5041800EF73EA /* Math.swift */ = {isa = PBXFileReference; lastKnownFileType = sourcecode.swift; path = Math.swift; sourceTree = "<group>"; };
/* End PBXFileReference section */

/* Begin PBXFrameworksBuildPhase section */
		A813F49826A4F37C00EF73EA /* Frameworks */ = {
			isa = PBXFrameworksBuildPhase;
			buildActionMask = 2147483647;
			files = (
			);
			runOnlyForDeploymentPostprocessing = 0;
		};
		A813F4AE26A4F9A100EF73EA /* Frameworks */ = {
			isa = PBXFrameworksBuildPhase;
			buildActionMask = 2147483647;
			files = (
			);
			runOnlyForDeploymentPostprocessing = 0;
		};
		A813F4BC26A4F9B700EF73EA /* Frameworks */ = {
			isa = PBXFrameworksBuildPhase;
			buildActionMask = 2147483647;
			files = (
			);
			runOnlyForDeploymentPostprocessing = 0;
		};
/* End PBXFrameworksBuildPhase section */

/* Begin PBXGroup section */
		A813F49226A4F37C00EF73EA = {
			isa = PBXGroup;
			children = (
				A813F49D26A4F37C00EF73EA /* TestSample */,
				A813F4B226A4F9A100EF73EA /* TestSampleUITests */,
				A813F4C026A4F9B700EF73EA /* TestSampleTests */,
				A813F49C26A4F37C00EF73EA /* Products */,
			);
			sourceTree = "<group>";
		};
		A813F49C26A4F37C00EF73EA /* Products */ = {
			isa = PBXGroup;
			children = (
				A813F49B26A4F37C00EF73EA /* TestSample.app */,
				A813F4B126A4F9A100EF73EA /* TestSampleUITests.xctest */,
				A813F4BF26A4F9B700EF73EA /* TestSampleTests.xctest */,
			);
			name = Products;
			sourceTree = "<group>";
		};
		A813F49D26A4F37C00EF73EA /* TestSample */ = {
			isa = PBXGroup;
			children = (
				A813F49E26A4F37C00EF73EA /* TestSampleApp.swift */,
				A813F4A026A4F37C00EF73EA /* ContentView.swift */,
				A813F4C926A4FF0100EF73EA /* PasswordValidator.swift */,
				A813F4CB26A5041800EF73EA /* Math.swift */,
				A813F4A226A4F37D00EF73EA /* Assets.xcassets */,
				A813F4A726A4F37D00EF73EA /* Info.plist */,
				A813F4A426A4F37D00EF73EA /* Preview Content */,
			);
			path = TestSample;
			sourceTree = "<group>";
		};
		A813F4A426A4F37D00EF73EA /* Preview Content */ = {
			isa = PBXGroup;
			children = (
				A813F4A526A4F37D00EF73EA /* Preview Assets.xcassets */,
			);
			path = "Preview Content";
			sourceTree = "<group>";
		};
		A813F4B226A4F9A100EF73EA /* TestSampleUITests */ = {
			isa = PBXGroup;
			children = (
				A813F4B326A4F9A100EF73EA /* TestSampleUITests.swift */,
				A813F4B526A4F9A100EF73EA /* Info.plist */,
			);
			path = TestSampleUITests;
			sourceTree = "<group>";
		};
		A813F4C026A4F9B700EF73EA /* TestSampleTests */ = {
			isa = PBXGroup;
			children = (
				A813F4C126A4F9B700EF73EA /* TestSampleTests.swift */,
				A813F4C326A4F9B700EF73EA /* Info.plist */,
			);
			path = TestSampleTests;
			sourceTree = "<group>";
		};
/* End PBXGroup section */

/* Begin PBXNativeTarget section */
		A813F49A26A4F37C00EF73EA /* TestSample */ = {
			isa = PBXNativeTarget;
			buildConfigurationList = A813F4AA26A4F37D00EF73EA /* Build configuration list for PBXNativeTarget "TestSample" */;
			buildPhases = (
				A813F49726A4F37C00EF73EA /* Sources */,
				A813F49826A4F37C00EF73EA /* Frameworks */,
				A813F49926A4F37C00EF73EA /* Resources */,
			);
			buildRules = (
			);
			dependencies = (
			);
			name = TestSample;
			productName = TestSample;
			productReference = A813F49B26A4F37C00EF73EA /* TestSample.app */;
			productType = "com.apple.product-type.application";
		};
		A813F4B026A4F9A100EF73EA /* TestSampleUITests */ = {
			isa = PBXNativeTarget;
			buildConfigurationList = A813F4B826A4F9A100EF73EA /* Build configuration list for PBXNativeTarget "TestSampleUITests" */;
			buildPhases = (
				A813F4AD26A4F9A100EF73EA /* Sources */,
				A813F4AE26A4F9A100EF73EA /* Frameworks */,
				A813F4AF26A4F9A100EF73EA /* Resources */,
			);
			buildRules = (
			);
			dependencies = (
				A813F4B726A4F9A100EF73EA /* PBXTargetDependency */,
			);
			name = TestSampleUITests;
			productName = TestSampleUITests;
			productReference = A813F4B126A4F9A100EF73EA /* TestSampleUITests.xctest */;
			productType = "com.apple.product-type.bundle.ui-testing";
		};
		A813F4BE26A4F9B700EF73EA /* TestSampleTests */ = {
			isa = PBXNativeTarget;
			buildConfigurationList = A813F4C626A4F9B700EF73EA /* Build configuration list for PBXNativeTarget "TestSampleTests" */;
			buildPhases = (
				A813F4BB26A4F9B700EF73EA /* Sources */,
				A813F4BC26A4F9B700EF73EA /* Frameworks */,
				A813F4BD26A4F9B700EF73EA /* Resources */,
			);
			buildRules = (
			);
			dependencies = (
				A813F4C526A4F9B700EF73EA /* PBXTargetDependency */,
			);
			name = TestSampleTests;
			productName = TestSampleTests;
			productReference = A813F4BF26A4F9B700EF73EA /* TestSampleTests.xctest */;
			productType = "com.apple.product-type.bundle.unit-test";
		};
/* End PBXNativeTarget section */

/* Begin PBXProject section */
		A813F49326A4F37C00EF73EA /* Project object */ = {
			isa = PBXProject;
			attributes = {
				LastSwiftUpdateCheck = 1250;
				LastUpgradeCheck = 1250;
				TargetAttributes = {
					A813F49A26A4F37C00EF73EA = {
						CreatedOnToolsVersion = 12.5.1;
					};
					A813F4B026A4F9A100EF73EA = {
						CreatedOnToolsVersion = 12.5.1;
						TestTargetID = A813F49A26A4F37C00EF73EA;
					};
					A813F4BE26A4F9B700EF73EA = {
						CreatedOnToolsVersion = 12.5.1;
						TestTargetID = A813F49A26A4F37C00EF73EA;
					};
				};
			};
			buildConfigurationList = A813F49626A4F37C00EF73EA /* Build configuration list for PBXProject "TestSample" */;
			compatibilityVersion = "Xcode 9.3";
			developmentRegion = en;
			hasScannedForEncodings = 0;
			knownRegions = (
				en,
				Base,
			);
			mainGroup = A813F49226A4F37C00EF73EA;
			productRefGroup = A813F49C26A4F37C00EF73EA /* Products */;
			projectDirPath = "";
			projectRoot = "";
			targets = (
				A813F49A26A4F37C00EF73EA /* TestSample */,
				A813F4B026A4F9A100EF73EA /* TestSampleUITests */,
				A813F4BE26A4F9B700EF73EA /* TestSampleTests */,
			);
		};
/* End PBXProject section */

/* Begin PBXResourcesBuildPhase section */
		A813F49926A4F37C00EF73EA /* Resources */ = {
			isa = PBXResourcesBuildPhase;
			buildActionMask = 2147483647;
			files = (
				A813F4A626A4F37D00EF73EA /* Preview Assets.xcassets in Resources */,
				A813F4A326A4F37D00EF73EA /* Assets.xcassets in Resources */,
			);
			runOnlyForDeploymentPostprocessing = 0;
		};
		A813F4AF26A4F9A100EF73EA /* Resources */ = {
			isa = PBXResourcesBuildPhase;
			buildActionMask = 2147483647;
			files = (
			);
			runOnlyForDeploymentPostprocessing = 0;
		};
		A813F4BD26A4F9B700EF73EA /* Resources */ = {
			isa = PBXResourcesBuildPhase;
			buildActionMask = 2147483647;
			files = (
			);
			runOnlyForDeploymentPostprocessing = 0;
		};
/* End PBXResourcesBuildPhase section */

/* Begin PBXSourcesBuildPhase section */
		A813F49726A4F37C00EF73EA /* Sources */ = {
			isa = PBXSourcesBuildPhase;
			buildActionMask = 2147483647;
			files = (
				A813F4A126A4F37C00EF73EA /* ContentView.swift in Sources */,
				A813F4CA26A4FF0100EF73EA /* PasswordValidator.swift in Sources */,
				A813F49F26A4F37C00EF73EA /* TestSampleApp.swift in Sources */,
				A813F4CC26A5041900EF73EA /* Math.swift in Sources */,
			);
			runOnlyForDeploymentPostprocessing = 0;
		};
		A813F4AD26A4F9A100EF73EA /* Sources */ = {
			isa = PBXSourcesBuildPhase;
			buildActionMask = 2147483647;
			files = (
				A813F4B426A4F9A100EF73EA /* TestSampleUITests.swift in Sources */,
			);
			runOnlyForDeploymentPostprocessing = 0;
		};
		A813F4BB26A4F9B700EF73EA /* Sources */ = {
			isa = PBXSourcesBuildPhase;
			buildActionMask = 2147483647;
			files = (
				A813F4C226A4F9B700EF73EA /* TestSampleTests.swift in Sources */,
			);
			runOnlyForDeploymentPostprocessing = 0;
		};
/* End PBXSourcesBuildPhase section */

/* Begin PBXTargetDependency section */
		A813F4B726A4F9A100EF73EA /* PBXTargetDependency */ = {
			isa = PBXTargetDependency;
			target = A813F49A26A4F37C00EF73EA /* TestSample */;
			targetProxy = A813F4B626A4F9A100EF73EA /* PBXContainerItemProxy */;
		};
		A813F4C526A4F9B700EF73EA /* PBXTargetDependency */ = {
			isa = PBXTargetDependency;
			target = A813F49A26A4F37C00EF73EA /* TestSample */;
			targetProxy = A813F4C426A4F9B700EF73EA /* PBXContainerItemProxy */;
		};
/* End PBXTargetDependency section */

/* Begin XCBuildConfiguration section */
		A813F4A826A4F37D00EF73EA /* Debug */ = {
			isa = XCBuildConfiguration;
			buildSettings = {
				ALWAYS_SEARCH_USER_PATHS = NO;
				CLANG_ANALYZER_NONNULL = YES;
				CLANG_ANALYZER_NUMBER_OBJECT_CONVERSION = YES_AGGRESSIVE;
				CLANG_CXX_LANGUAGE_STANDARD = "gnu++14";
				CLANG_CXX_LIBRARY = "libc++";
				CLANG_ENABLE_MODULES = YES;
				CLANG_ENABLE_OBJC_ARC = YES;
				CLANG_ENABLE_OBJC_WEAK = YES;
				CLANG_WARN_BLOCK_CAPTURE_AUTORELEASING = YES;
				CLANG_WARN_BOOL_CONVERSION = YES;
				CLANG_WARN_COMMA = YES;
				CLANG_WARN_CONSTANT_CONVERSION = YES;
				CLANG_WARN_DEPRECATED_OBJC_IMPLEMENTATIONS = YES;
				CLANG_WARN_DIRECT_OBJC_ISA_USAGE = YES_ERROR;
				CLANG_WARN_DOCUMENTATION_COMMENTS = YES;
				CLANG_WARN_EMPTY_BODY = YES;
				CLANG_WARN_ENUM_CONVERSION = YES;
				CLANG_WARN_INFINITE_RECURSION = YES;
				CLANG_WARN_INT_CONVERSION = YES;
				CLANG_WARN_NON_LITERAL_NULL_CONVERSION = YES;
				CLANG_WARN_OBJC_IMPLICIT_RETAIN_SELF = YES;
				CLANG_WARN_OBJC_LITERAL_CONVERSION = YES;
				CLANG_WARN_OBJC_ROOT_CLASS = YES_ERROR;
				CLANG_WARN_QUOTED_INCLUDE_IN_FRAMEWORK_HEADER = YES;
				CLANG_WARN_RANGE_LOOP_ANALYSIS = YES;
				CLANG_WARN_STRICT_PROTOTYPES = YES;
				CLANG_WARN_SUSPICIOUS_MOVE = YES;
				CLANG_WARN_UNGUARDED_AVAILABILITY = YES_AGGRESSIVE;
				CLANG_WARN_UNREACHABLE_CODE = YES;
				CLANG_WARN__DUPLICATE_METHOD_MATCH = YES;
				COPY_PHASE_STRIP = NO;
				DEBUG_INFORMATION_FORMAT = dwarf;
				ENABLE_STRICT_OBJC_MSGSEND = YES;
				ENABLE_TESTABILITY = YES;
				GCC_C_LANGUAGE_STANDARD = gnu11;
				GCC_DYNAMIC_NO_PIC = NO;
				GCC_NO_COMMON_BLOCKS = YES;
				GCC_OPTIMIZATION_LEVEL = 0;
				GCC_PREPROCESSOR_DEFINITIONS = (
					"DEBUG=1",
					"$(inherited)",
				);
				GCC_WARN_64_TO_32_BIT_CONVERSION = YES;
				GCC_WARN_ABOUT_RETURN_TYPE = YES_ERROR;
				GCC_WARN_UNDECLARED_SELECTOR = YES;
				GCC_WARN_UNINITIALIZED_AUTOS = YES_AGGRESSIVE;
				GCC_WARN_UNUSED_FUNCTION = YES;
				GCC_WARN_UNUSED_VARIABLE = YES;
				IPHONEOS_DEPLOYMENT_TARGET = 14.5;
				MTL_ENABLE_DEBUG_INFO = INCLUDE_SOURCE;
				MTL_FAST_MATH = YES;
				ONLY_ACTIVE_ARCH = YES;
				SDKROOT = iphoneos;
				SWIFT_ACTIVE_COMPILATION_CONDITIONS = DEBUG;
				SWIFT_OPTIMIZATION_LEVEL = "-Onone";
			};
			name = Debug;
		};
		A813F4A926A4F37D00EF73EA /* Release */ = {
			isa = XCBuildConfiguration;
			buildSettings = {
				ALWAYS_SEARCH_USER_PATHS = NO;
				CLANG_ANALYZER_NONNULL = YES;
				CLANG_ANALYZER_NUMBER_OBJECT_CONVERSION = YES_AGGRESSIVE;
				CLANG_CXX_LANGUAGE_STANDARD = "gnu++14";
				CLANG_CXX_LIBRARY = "libc++";
				CLANG_ENABLE_MODULES = YES;
				CLANG_ENABLE_OBJC_ARC = YES;
				CLANG_ENABLE_OBJC_WEAK = YES;
				CLANG_WARN_BLOCK_CAPTURE_AUTORELEASING = YES;
				CLANG_WARN_BOOL_CONVERSION = YES;
				CLANG_WARN_COMMA = YES;
				CLANG_WARN_CONSTANT_CONVERSION = YES;
				CLANG_WARN_DEPRECATED_OBJC_IMPLEMENTATIONS = YES;
				CLANG_WARN_DIRECT_OBJC_ISA_USAGE = YES_ERROR;
				CLANG_WARN_DOCUMENTATION_COMMENTS = YES;
				CLANG_WARN_EMPTY_BODY = YES;
				CLANG_WARN_ENUM_CONVERSION = YES;
				CLANG_WARN_INFINITE_RECURSION = YES;
				CLANG_WARN_INT_CONVERSION = YES;
				CLANG_WARN_NON_LITERAL_NULL_CONVERSION = YES;
				CLANG_WARN_OBJC_IMPLICIT_RETAIN_SELF = YES;
				CLANG_WARN_OBJC_LITERAL_CONVERSION = YES;
				CLANG_WARN_OBJC_ROOT_CLASS = YES_ERROR;
				CLANG_WARN_QUOTED_INCLUDE_IN_FRAMEWORK_HEADER = YES;
				CLANG_WARN_RANGE_LOOP_ANALYSIS = YES;
				CLANG_WARN_STRICT_PROTOTYPES = YES;
				CLANG_WARN_SUSPICIOUS_MOVE = YES;
				CLANG_WARN_UNGUARDED_AVAILABILITY = YES_AGGRESSIVE;
				CLANG_WARN_UNREACHABLE_CODE = YES;
				CLANG_WARN__DUPLICATE_METHOD_MATCH = YES;
				COPY_PHASE_STRIP = NO;
				DEBUG_INFORMATION_FORMAT = "dwarf-with-dsym";
				ENABLE_NS_ASSERTIONS = NO;
				ENABLE_STRICT_OBJC_MSGSEND = YES;
				GCC_C_LANGUAGE_STANDARD = gnu11;
				GCC_NO_COMMON_BLOCKS = YES;
				GCC_WARN_64_TO_32_BIT_CONVERSION = YES;
				GCC_WARN_ABOUT_RETURN_TYPE = YES_ERROR;
				GCC_WARN_UNDECLARED_SELECTOR = YES;
				GCC_WARN_UNINITIALIZED_AUTOS = YES_AGGRESSIVE;
				GCC_WARN_UNUSED_FUNCTION = YES;
				GCC_WARN_UNUSED_VARIABLE = YES;
				IPHONEOS_DEPLOYMENT_TARGET = 14.5;
				MTL_ENABLE_DEBUG_INFO = NO;
				MTL_FAST_MATH = YES;
				SDKROOT = iphoneos;
				SWIFT_COMPILATION_MODE = wholemodule;
				SWIFT_OPTIMIZATION_LEVEL = "-O";
				VALIDATE_PRODUCT = YES;
			};
			name = Release;
		};
		A813F4AB26A4F37D00EF73EA /* Debug */ = {
			isa = XCBuildConfiguration;
			buildSettings = {
				ASSETCATALOG_COMPILER_APPICON_NAME = AppIcon;
				ASSETCATALOG_COMPILER_GLOBAL_ACCENT_COLOR_NAME = AccentColor;
				CODE_SIGN_STYLE = Automatic;
				DEVELOPMENT_ASSET_PATHS = "\"TestSample/Preview Content\"";
				ENABLE_PREVIEWS = YES;
				INFOPLIST_FILE = TestSample/Info.plist;
				IPHONEOS_DEPLOYMENT_TARGET = 14.0;
				LD_RUNPATH_SEARCH_PATHS = (
					"$(inherited)",
					"@executable_path/Frameworks",
				);
				PRODUCT_BUNDLE_IDENTIFIER = biz.usk.TestSample;
				PRODUCT_NAME = "$(TARGET_NAME)";
				SWIFT_VERSION = 5.0;
				TARGETED_DEVICE_FAMILY = "1,2";
			};
			name = Debug;
		};
		A813F4AC26A4F37D00EF73EA /* Release */ = {
			isa = XCBuildConfiguration;
			buildSettings = {
				ASSETCATALOG_COMPILER_APPICON_NAME = AppIcon;
				ASSETCATALOG_COMPILER_GLOBAL_ACCENT_COLOR_NAME = AccentColor;
				CODE_SIGN_STYLE = Automatic;
				DEVELOPMENT_ASSET_PATHS = "\"TestSample/Preview Content\"";
				ENABLE_PREVIEWS = YES;
				INFOPLIST_FILE = TestSample/Info.plist;
				IPHONEOS_DEPLOYMENT_TARGET = 14.0;
				LD_RUNPATH_SEARCH_PATHS = (
					"$(inherited)",
					"@executable_path/Frameworks",
				);
				PRODUCT_BUNDLE_IDENTIFIER = biz.usk.TestSample;
				PRODUCT_NAME = "$(TARGET_NAME)";
				SWIFT_VERSION = 5.0;
				TARGETED_DEVICE_FAMILY = "1,2";
			};
			name = Release;
		};
		A813F4B926A4F9A100EF73EA /* Debug */ = {
			isa = XCBuildConfiguration;
			buildSettings = {
				CODE_SIGN_STYLE = Automatic;
				INFOPLIST_FILE = TestSampleUITests/Info.plist;
				LD_RUNPATH_SEARCH_PATHS = (
					"$(inherited)",
					"@executable_path/Frameworks",
					"@loader_path/Frameworks",
				);
				PRODUCT_BUNDLE_IDENTIFIER = biz.usk.TestSampleUITests;
				PRODUCT_NAME = "$(TARGET_NAME)";
				SWIFT_VERSION = 5.0;
				TARGETED_DEVICE_FAMILY = "1,2";
				TEST_TARGET_NAME = TestSample;
			};
			name = Debug;
		};
		A813F4BA26A4F9A100EF73EA /* Release */ = {
			isa = XCBuildConfiguration;
			buildSettings = {
				CODE_SIGN_STYLE = Automatic;
				INFOPLIST_FILE = TestSampleUITests/Info.plist;
				LD_RUNPATH_SEARCH_PATHS = (
					"$(inherited)",
					"@executable_path/Frameworks",
					"@loader_path/Frameworks",
				);
				PRODUCT_BUNDLE_IDENTIFIER = biz.usk.TestSampleUITests;
				PRODUCT_NAME = "$(TARGET_NAME)";
				SWIFT_VERSION = 5.0;
				TARGETED_DEVICE_FAMILY = "1,2";
				TEST_TARGET_NAME = TestSample;
			};
			name = Release;
		};
		A813F4C726A4F9B700EF73EA /* Debug */ = {
			isa = XCBuildConfiguration;
			buildSettings = {
				BUNDLE_LOADER = "$(TEST_HOST)";
				CODE_SIGN_STYLE = Automatic;
				INFOPLIST_FILE = TestSampleTests/Info.plist;
				LD_RUNPATH_SEARCH_PATHS = (
					"$(inherited)",
					"@executable_path/Frameworks",
					"@loader_path/Frameworks",
				);
				PRODUCT_BUNDLE_IDENTIFIER = biz.usk.TestSampleTests;
				PRODUCT_NAME = "$(TARGET_NAME)";
				SWIFT_VERSION = 5.0;
				TARGETED_DEVICE_FAMILY = "1,2";
				TEST_HOST = "$(BUILT_PRODUCTS_DIR)/TestSample.app/TestSample";
			};
			name = Debug;
		};
		A813F4C826A4F9B700EF73EA /* Release */ = {
			isa = XCBuildConfiguration;
			buildSettings = {
				BUNDLE_LOADER = "$(TEST_HOST)";
				CODE_SIGN_STYLE = Automatic;
				INFOPLIST_FILE = TestSampleTests/Info.plist;
				LD_RUNPATH_SEARCH_PATHS = (
					"$(inherited)",
					"@executable_path/Frameworks",
					"@loader_path/Frameworks",
				);
				PRODUCT_BUNDLE_IDENTIFIER = biz.usk.TestSampleTests;
				PRODUCT_NAME = "$(TARGET_NAME)";
				SWIFT_VERSION = 5.0;
				TARGETED_DEVICE_FAMILY = "1,2";
				TEST_HOST = "$(BUILT_PRODUCTS_DIR)/TestSample.app/TestSample";
			};
			name = Release;
		};
/* End XCBuildConfiguration section */

/* Begin XCConfigurationList section */
		A813F49626A4F37C00EF73EA /* Build configuration list for PBXProject "TestSample" */ = {
			isa = XCConfigurationList;
			buildConfigurations = (
				A813F4A826A4F37D00EF73EA /* Debug */,
				A813F4A926A4F37D00EF73EA /* Release */,
			);
			defaultConfigurationIsVisible = 0;
			defaultConfigurationName = Release;
		};
		A813F4AA26A4F37D00EF73EA /* Build configuration list for PBXNativeTarget "TestSample" */ = {
			isa = XCConfigurationList;
			buildConfigurations = (
				A813F4AB26A4F37D00EF73EA /* Debug */,
				A813F4AC26A4F37D00EF73EA /* Release */,
			);
			defaultConfigurationIsVisible = 0;
			defaultConfigurationName = Release;
		};
		A813F4B826A4F9A100EF73EA /* Build configuration list for PBXNativeTarget "TestSampleUITests" */ = {
			isa = XCConfigurationList;
			buildConfigurations = (
				A813F4B926A4F9A100EF73EA /* Debug */,
				A813F4BA26A4F9A100EF73EA /* Release */,
			);
			defaultConfigurationIsVisible = 0;
			defaultConfigurationName = Release;
		};
		A813F4C626A4F9B700EF73EA /* Build configuration list for PBXNativeTarget "TestSampleTests" */ = {
			isa = XCConfigurationList;
			buildConfigurations = (
				A813F4C726A4F9B700EF73EA /* Debug */,
				A813F4C826A4F9B700EF73EA /* Release */,
			);
			defaultConfigurationIsVisible = 0;
			defaultConfigurationName = Release;
		};
/* End XCConfigurationList section */
	};
	rootObject = A813F49326A4F37C00EF73EA /* Project object */;
}
